
Microsoft Visual Studio Solution File, Format Version 12.00
# Visual Studio 14
VisualStudioVersion = 14.0.25420.1
MinimumVisualStudioVersion = 10.0.40219.1
Project("{FAE04EC0-301F-11D3-BF4B-00C04F79EFBC}") = "BPMNET.Core", "BPMNET.Core\BPMNET.Core.csproj", "{83B646FE-D688-425F-AB1E-C9C0B21577CD}"
EndProject
Project("{FAE04EC0-301F-11D3-BF4B-00C04F79EFBC}") = "BPMNET.Bpmn", "BPMNET.Bpmn\BPMNET.Bpmn.csproj", "{D88B5143-539F-4E3C-B539-4EBF092F6578}"
EndProject
Project("{FAE04EC0-301F-11D3-BF4B-00C04F79EFBC}") = "BPMNET.BpmnTests", "BPMNET.BpmnTests\BPMNET.BpmnTests.csproj", "{71F4B345-3BD4-462A-B7C0-ACE160B22EE0}"
EndProject
Project("{FAE04EC0-301F-11D3-BF4B-00C04F79EFBC}") = "BPMNET.Exception", "BPMNET.Exception\BPMNET.Exception.csproj", "{EC52CEE0-229E-4FEA-98FA-526F680DCBA1}"
EndProject
Project("{FAE04EC0-301F-11D3-BF4B-00C04F79EFBC}") = "BPMNET.Configuration", "BPMNET.Configuration\BPMNET.Configuration.csproj", "{CA03570D-7DD2-4D8E-A268-CE4C58A87938}"
EndProject
Project("{2150E333-8FDC-42A3-9474-1A3956D46DE8}") = "Library", "Library", "{0690DDF3-CBE3-4A7D-98CF-837D87820099}"
EndProject
Project("{2150E333-8FDC-42A3-9474-1A3956D46DE8}") = "Tests", "Tests", "{ED38927A-FE5B-4DF4-9A6C-579AA491ABBA}"
EndProject
Project("{2150E333-8FDC-42A3-9474-1A3956D46DE8}") = "App", "App", "{89801C6D-9EA6-4126-8FB1-11D28CF67B08}"
EndProject
Project("{FAE04EC0-301F-11D3-BF4B-00C04F79EFBC}") = "BPMNET.Entity", "BPMNET.Entity\BPMNET.Entity.csproj", "{32F1DE0C-9EDD-4889-8797-B2BB246085F7}"
EndProject
Project("{FAE04EC0-301F-11D3-BF4B-00C04F79EFBC}") = "BPMN.Entity.Test", "BPMN.Entity.Test\BPMN.Entity.Test.csproj", "{1E6CE951-FD74-4900-A4C3-EA93C4C660C9}"
EndProject
Project("{FAE04EC0-301F-11D3-BF4B-00C04F79EFBC}") = "BPMNET.Engine", "BPMNET.Engine\BPMNET.Engine.csproj", "{6104216E-E859-4107-9B25-1089D2699690}"
EndProject
Project("{FAE04EC0-301F-11D3-BF4B-00C04F79EFBC}") = "BPMNET.Conditional", "BPMNET.ConditionalLibrary\BPMNET.Conditional.csproj", "{C6E3B21F-3144-4AEC-BD7E-BF49F5EAA718}"
EndProject
Project("{FAE04EC0-301F-11D3-BF4B-00C04F79EFBC}") = "Flee", "C:\Users\Aiska Hendra\Downloads\Flee-master\src\Flee\Flee.csproj", "{9BB53F0F-DE40-469D-A75B-F8D0140969B5}"
EndProject
Project("{FAE04EC0-301F-11D3-BF4B-00C04F79EFBC}") = "BPMNET.EngineTests", "BPMNET.EngineTests\BPMNET.EngineTests.csproj", "{F1A6E10A-56D3-40BF-8F97-9EDBCA135D78}"
EndProject
Global
	GlobalSection(SolutionConfigurationPlatforms) = preSolution
		Debug|Any CPU = Debug|Any CPU
		Release|Any CPU = Release|Any CPU
	EndGlobalSection
	GlobalSection(ProjectConfigurationPlatforms) = postSolution
		{83B646FE-D688-425F-AB1E-C9C0B21577CD}.Debug|Any CPU.ActiveCfg = Debug|Any CPU
		{83B646FE-D688-425F-AB1E-C9C0B21577CD}.Debug|Any CPU.Build.0 = Debug|Any CPU
		{83B646FE-D688-425F-AB1E-C9C0B21577CD}.Release|Any CPU.ActiveCfg = Release|Any CPU
		{83B646FE-D688-425F-AB1E-C9C0B21577CD}.Release|Any CPU.Build.0 = Release|Any CPU
		{D88B5143-539F-4E3C-B539-4EBF092F6578}.Debug|Any CPU.ActiveCfg = Debug|Any CPU
		{D88B5143-539F-4E3C-B539-4EBF092F6578}.Debug|Any CPU.Build.0 = Debug|Any CPU
		{D88B5143-539F-4E3C-B539-4EBF092F6578}.Release|Any CPU.ActiveCfg = Release|Any CPU
		{D88B5143-539F-4E3C-B539-4EBF092F6578}.Release|Any CPU.Build.0 = Release|Any CPU
		{71F4B345-3BD4-462A-B7C0-ACE160B22EE0}.Debug|Any CPU.ActiveCfg = Debug|Any CPU
		{71F4B345-3BD4-462A-B7C0-ACE160B22EE0}.Debug|Any CPU.Build.0 = Debug|Any CPU
		{71F4B345-3BD4-462A-B7C0-ACE160B22EE0}.Release|Any CPU.ActiveCfg = Release|Any CPU
		{71F4B345-3BD4-462A-B7C0-ACE160B22EE0}.Release|Any CPU.Build.0 = Release|Any CPU
		{EC52CEE0-229E-4FEA-98FA-526F680DCBA1}.Debug|Any CPU.ActiveCfg = Debug|Any CPU
		{EC52CEE0-229E-4FEA-98FA-526F680DCBA1}.Debug|Any CPU.Build.0 = Debug|Any CPU
		{EC52CEE0-229E-4FEA-98FA-526F680DCBA1}.Release|Any CPU.ActiveCfg = Release|Any CPU
		{EC52CEE0-229E-4FEA-98FA-526F680DCBA1}.Release|Any CPU.Build.0 = Release|Any CPU
		{CA03570D-7DD2-4D8E-A268-CE4C58A87938}.Debug|Any CPU.ActiveCfg = Debug|Any CPU
		{CA03570D-7DD2-4D8E-A268-CE4C58A87938}.Debug|Any CPU.Build.0 = Debug|Any CPU
		{CA03570D-7DD2-4D8E-A268-CE4C58A87938}.Release|Any CPU.ActiveCfg = Release|Any CPU
		{CA03570D-7DD2-4D8E-A268-CE4C58A87938}.Release|Any CPU.Build.0 = Release|Any CPU
		{32F1DE0C-9EDD-4889-8797-B2BB246085F7}.Debug|Any CPU.ActiveCfg = Debug|Any CPU
		{32F1DE0C-9EDD-4889-8797-B2BB246085F7}.Debug|Any CPU.Build.0 = Debug|Any CPU
		{32F1DE0C-9EDD-4889-8797-B2BB246085F7}.Release|Any CPU.ActiveCfg = Release|Any CPU
		{32F1DE0C-9EDD-4889-8797-B2BB246085F7}.Release|Any CPU.Build.0 = Release|Any CPU
		{1E6CE951-FD74-4900-A4C3-EA93C4C660C9}.Debug|Any CPU.ActiveCfg = Debug|Any CPU
		{1E6CE951-FD74-4900-A4C3-EA93C4C660C9}.Debug|Any CPU.Build.0 = Debug|Any CPU
		{1E6CE951-FD74-4900-A4C3-EA93C4C660C9}.Release|Any CPU.ActiveCfg = Release|Any CPU
		{1E6CE951-FD74-4900-A4C3-EA93C4C660C9}.Release|Any CPU.Build.0 = Release|Any CPU
		{6104216E-E859-4107-9B25-1089D2699690}.Debug|Any CPU.ActiveCfg = Debug|Any CPU
		{6104216E-E859-4107-9B25-1089D2699690}.Debug|Any CPU.Build.0 = Debug|Any CPU
		{6104216E-E859-4107-9B25-1089D2699690}.Release|Any CPU.ActiveCfg = Release|Any CPU
		{6104216E-E859-4107-9B25-1089D2699690}.Release|Any CPU.Build.0 = Release|Any CPU
		{C6E3B21F-3144-4AEC-BD7E-BF49F5EAA718}.Debug|Any CPU.ActiveCfg = Debug|Any CPU
		{C6E3B21F-3144-4AEC-BD7E-BF49F5EAA718}.Debug|Any CPU.Build.0 = Debug|Any CPU
		{C6E3B21F-3144-4AEC-BD7E-BF49F5EAA718}.Release|Any CPU.ActiveCfg = Release|Any CPU
		{C6E3B21F-3144-4AEC-BD7E-BF49F5EAA718}.Release|Any CPU.Build.0 = Release|Any CPU
		{9BB53F0F-DE40-469D-A75B-F8D0140969B5}.Debug|Any CPU.ActiveCfg = Debug|Any CPU
		{9BB53F0F-DE40-469D-A75B-F8D0140969B5}.Debug|Any CPU.Build.0 = Debug|Any CPU
		{9BB53F0F-DE40-469D-A75B-F8D0140969B5}.Release|Any CPU.ActiveCfg = Release|Any CPU
		{9BB53F0F-DE40-469D-A75B-F8D0140969B5}.Release|Any CPU.Build.0 = Release|Any CPU
		{F1A6E10A-56D3-40BF-8F97-9EDBCA135D78}.Debug|Any CPU.ActiveCfg = Debug|Any CPU
		{F1A6E10A-56D3-40BF-8F97-9EDBCA135D78}.Debug|Any CPU.Build.0 = Debug|Any CPU
		{F1A6E10A-56D3-40BF-8F97-9EDBCA135D78}.Release|Any CPU.ActiveCfg = Release|Any CPU
		{F1A6E10A-56D3-40BF-8F97-9EDBCA135D78}.Release|Any CPU.Build.0 = Release|Any CPU
	EndGlobalSection
	GlobalSection(SolutionProperties) = preSolution
		HideSolutionNode = FALSE
	EndGlobalSection
	GlobalSection(NestedProjects) = preSolution
		{83B646FE-D688-425F-AB1E-C9C0B21577CD} = {0690DDF3-CBE3-4A7D-98CF-837D87820099}
		{D88B5143-539F-4E3C-B539-4EBF092F6578} = {0690DDF3-CBE3-4A7D-98CF-837D87820099}
		{71F4B345-3BD4-462A-B7C0-ACE160B22EE0} = {ED38927A-FE5B-4DF4-9A6C-579AA491ABBA}
		{EC52CEE0-229E-4FEA-98FA-526F680DCBA1} = {0690DDF3-CBE3-4A7D-98CF-837D87820099}
		{CA03570D-7DD2-4D8E-A268-CE4C58A87938} = {0690DDF3-CBE3-4A7D-98CF-837D87820099}
		{32F1DE0C-9EDD-4889-8797-B2BB246085F7} = {0690DDF3-CBE3-4A7D-98CF-837D87820099}
		{1E6CE951-FD74-4900-A4C3-EA93C4C660C9} = {ED38927A-FE5B-4DF4-9A6C-579AA491ABBA}
		{6104216E-E859-4107-9B25-1089D2699690} = {0690DDF3-CBE3-4A7D-98CF-837D87820099}
		{C6E3B21F-3144-4AEC-BD7E-BF49F5EAA718} = {0690DDF3-CBE3-4A7D-98CF-837D87820099}
		{9BB53F0F-DE40-469D-A75B-F8D0140969B5} = {0690DDF3-CBE3-4A7D-98CF-837D87820099}
		{F1A6E10A-56D3-40BF-8F97-9EDBCA135D78} = {ED38927A-FE5B-4DF4-9A6C-579AA491ABBA}
	EndGlobalSection
EndGlobal
